
Microsoft Visual Studio Solution File, Format Version 12.00
# Visual Studio Version 17
VisualStudioVersion = 17.0.31903.59
MinimumVisualStudioVersion = 10.0.40219.1
Project("{FAE04EC0-301F-11D3-BF4B-00C04F79EFBC}") = "EduTrackApi.Infrastructure", "EduTrackApi.Infrastructure\EduTrackApi.Infrastructure.csproj", "{E559D106-8012-50BF-7FD2-407834C0BE57}"
EndProject
Project("{FAE04EC0-301F-11D3-BF4B-00C04F79EFBC}") = "EduTrackApi.Application", "EduTrackApi.Application\EduTrackApi.Application.csproj", "{02703AB1-8CE4-CD57-248F-EB545FAFA3BF}"
EndProject
Project("{FAE04EC0-301F-11D3-BF4B-00C04F79EFBC}") = "EduTrackApi.Domain", "EduTrackApi.Domain\EduTrackApi.Domain.csproj", "{026B0468-2900-C966-E038-9664E375913A}"
EndProject
Project("{FAE04EC0-301F-11D3-BF4B-00C04F79EFBC}") = "EduTrackApi.Api", "EduTrackApi.Api\EduTrackApi.Api.csproj", "{C93FAA8E-35A0-96D6-DDDB-0A797FAC7EF3}"
EndProject
Project("{2150E333-8FDC-42A3-9474-1A3956D46DE8}") = "Solution Items", "Solution Items", "{8EC462FD-D22E-90A8-E5CE-7E832BA40C5D}"
	ProjectSection(SolutionItems) = preProject
		BACKEND_API_SPEC.md = BACKEND_API_SPEC.md
	EndProjectSection
EndProject
Global
	GlobalSection(SolutionConfigurationPlatforms) = preSolution
		Debug|Any CPU = Debug|Any CPU
		Release|Any CPU = Release|Any CPU
	EndGlobalSection
	GlobalSection(ProjectConfigurationPlatforms) = postSolution
		{E559D106-8012-50BF-7FD2-407834C0BE57}.Debug|Any CPU.ActiveCfg = Debug|Any CPU
		{E559D106-8012-50BF-7FD2-407834C0BE57}.Debug|Any CPU.Build.0 = Debug|Any CPU
		{E559D106-8012-50BF-7FD2-407834C0BE57}.Release|Any CPU.ActiveCfg = Release|Any CPU
		{E559D106-8012-50BF-7FD2-407834C0BE57}.Release|Any CPU.Build.0 = Release|Any CPU
		{02703AB1-8CE4-CD57-248F-EB545FAFA3BF}.Debug|Any CPU.ActiveCfg = Debug|Any CPU
		{02703AB1-8CE4-CD57-248F-EB545FAFA3BF}.Debug|Any CPU.Build.0 = Debug|Any CPU
		{02703AB1-8CE4-CD57-248F-EB545FAFA3BF}.Release|Any CPU.ActiveCfg = Release|Any CPU
		{02703AB1-8CE4-CD57-248F-EB545FAFA3BF}.Release|Any CPU.Build.0 = Release|Any CPU
		{026B0468-2900-C966-E038-9664E375913A}.Debug|Any CPU.ActiveCfg = Debug|Any CPU
		{026B0468-2900-C966-E038-9664E375913A}.Debug|Any CPU.Build.0 = Debug|Any CPU
		{026B0468-2900-C966-E038-9664E375913A}.Release|Any CPU.ActiveCfg = Release|Any CPU
		{026B0468-2900-C966-E038-9664E375913A}.Release|Any CPU.Build.0 = Release|Any CPU
		{C93FAA8E-35A0-96D6-DDDB-0A797FAC7EF3}.Debug|Any CPU.ActiveCfg = Debug|Any CPU
		{C93FAA8E-35A0-96D6-DDDB-0A797FAC7EF3}.Debug|Any CPU.Build.0 = Debug|Any CPU
		{C93FAA8E-35A0-96D6-DDDB-0A797FAC7EF3}.Release|Any CPU.ActiveCfg = Release|Any CPU
		{C93FAA8E-35A0-96D6-DDDB-0A797FAC7EF3}.Release|Any CPU.Build.0 = Release|Any CPU
	EndGlobalSection
	GlobalSection(SolutionProperties) = preSolution
		HideSolutionNode = FALSE
	EndGlobalSection
	GlobalSection(ExtensibilityGlobals) = postSolution
		SolutionGuid = {80A7880F-6D23-4743-AB49-34779DC83670}
	EndGlobalSection
EndGlobal
